{
  "name": "nebb-oee-status",
  "version": "0.0.1",
  "lockfileVersion": 1,
  "requires": true,
  "dependencies": {
    "nebb-rest-service": {
      "version": "0.0.1",
      "resolved": "https://nebb-software.pkgs.visualstudio.com/_packaging/nebb-npm/npm/registry/nebb-rest-service/-/nebb-rest-service-0.0.1.tgz",
      "integrity": "sha1-bklOmqzbfi/LLKfMWFVcX4eN1GE=",
      "requires": {
        "tslib": "1.9.3"
      }
    },
    "tslib": {
      "version": "1.9.3",
      "resolved": "https://nebb-software.pkgs.visualstudio.com/_packaging/nebb-npm/npm/registry/tslib/-/tslib-1.9.3.tgz",
      "integrity": "sha512-4krF8scpejhaOgqzBEcGM7yDIEfi0/8+8zDRZhNZZ2kjmHJ4hv3zCbQWxoJGz1iw5U0Jl0nma13xzHXcncMavQ=="
    }
  }
}
